{
  "name": "@myrepo/root",
  "version": "1.0.0",
  "lockfileVersion": 3,
  "requires": true,
  "packages": {
    "": {
      "name": "@myrepo/root",
      "version": "1.0.0",
      "license": "ISC",
      "workspaces": [
        "apps/*"
      ],
      "dependencies": {
        "@myrepo/node-app": "1.0.0",
        "@myrepo/web-app": "1.0.0"
      }
    },
    "apps/node-app": {
      "name": "@myrepo/node-app",
      "version": "1.0.0",
      "license": "ISC"
    },
    "apps/web-app": {
      "name": "@myrepo/web-app",
      "version": "1.0.0",
      "license": "ISC"
    },
    "node_modules/@myrepo/node-app": {
      "resolved": "apps/node-app",
      "link": true
    },
    "node_modules/@myrepo/web-app": {
      "resolved": "apps/web-app",
      "link": true
    }
  }
}
